
Microsoft Visual Studio Solution File, Format Version 12.00
# Visual Studio Version 17
VisualStudioVersion = 17.13.35931.197
MinimumVisualStudioVersion = 10.0.40219.1
Project("{FAE04EC0-301F-11D3-BF4B-00C04F79EFBC}") = "SpartaDungeon2", "SpartaDungeon2\SpartaDungeon2.csproj", "{CBBBEDB7-8A58-4A1C-9DC6-284BE022C071}"
EndProject
Global
	GlobalSection(SolutionConfigurationPlatforms) = preSolution
		Debug|Any CPU = Debug|Any CPU
		Release|Any CPU = Release|Any CPU
	EndGlobalSection
	GlobalSection(ProjectConfigurationPlatforms) = postSolution
		{CBBBEDB7-8A58-4A1C-9DC6-284BE022C071}.Debug|Any CPU.ActiveCfg = Debug|Any CPU
		{CBBBEDB7-8A58-4A1C-9DC6-284BE022C071}.Debug|Any CPU.Build.0 = Debug|Any CPU
		{CBBBEDB7-8A58-4A1C-9DC6-284BE022C071}.Release|Any CPU.ActiveCfg = Release|Any CPU
		{CBBBEDB7-8A58-4A1C-9DC6-284BE022C071}.Release|Any CPU.Build.0 = Release|Any CPU
	EndGlobalSection
	GlobalSection(SolutionProperties) = preSolution
		HideSolutionNode = FALSE
	EndGlobalSection
	GlobalSection(ExtensibilityGlobals) = postSolution
		SolutionGuid = {CC351BDB-A4E2-4802-BCE6-E37B09036C71}
	EndGlobalSection
EndGlobal
